// !$*UTF8*$!
{
	archiveVersion = 1;
	classes = {
	};
	objectVersion = 50;
	objects = {

/* Begin PBXBuildFile section */
		8095ED4020C7BBD2009E400E /* main.swift in Sources */ = {isa = PBXBuildFile; fileRef = 8095ED3F20C7BBD2009E400E /* main.swift */; };
		8095ED4820C7C808009E400E /* Foundation.framework in Frameworks */ = {isa = PBXBuildFile; fileRef = 8095ED4720C7C808009E400E /* Foundation.framework */; };
		8095ED5320C7C882009E400E /* XcodeEditor.framework in Frameworks */ = {isa = PBXBuildFile; fileRef = 8095ED4F20C7C814009E400E /* XcodeEditor.framework */; };
		8095ED5620C7C8F6009E400E /* RNProjectConfig.swift in Sources */ = {isa = PBXBuildFile; fileRef = 8095ED5520C7C8F6009E400E /* RNProjectConfig.swift */; };
		8095ED5820C7D873009E400E /* RNSubmoduleHelper.swift in Sources */ = {isa = PBXBuildFile; fileRef = 8095ED5720C7D873009E400E /* RNSubmoduleHelper.swift */; };
/* End PBXBuildFile section */

/* Begin PBXContainerItemProxy section */
		8095ED4E20C7C814009E400E /* PBXContainerItemProxy */ = {
			isa = PBXContainerItemProxy;
			containerPortal = 8095ED4920C7C814009E400E /* XcodeEditor.xcodeproj */;
			proxyType = 2;
			remoteGlobalIDString = 6BE8FDAD1C01C190001EF5B3;
			remoteInfo = XcodeEditor;
		};
		8095ED5020C7C814009E400E /* PBXContainerItemProxy */ = {
			isa = PBXContainerItemProxy;
			containerPortal = 8095ED4920C7C814009E400E /* XcodeEditor.xcodeproj */;
			proxyType = 2;
			remoteGlobalIDString = 6BE8FDB71C01C190001EF5B3;
			remoteInfo = XcodeEditorTests;
		};
/* End PBXContainerItemProxy section */

/* Begin PBXCopyFilesBuildPhase section */
		8095ED3A20C7BBD2009E400E /* CopyFiles */ = {
			isa = PBXCopyFilesBuildPhase;
			buildActionMask = 2147483647;
			dstPath = /usr/share/man/man1/;
			dstSubfolderSpec = 0;
			files = (
			);
			runOnlyForDeploymentPostprocessing = 1;
		};
/* End PBXCopyFilesBuildPhase section */

/* Begin PBXFileReference section */
		8095ED3C20C7BBD2009E400E /* ProjectHelper */ = {isa = PBXFileReference; explicitFileType = "compiled.mach-o.executable"; includeInIndex = 0; path = ProjectHelper; sourceTree = BUILT_PRODUCTS_DIR; };
		8095ED3F20C7BBD2009E400E /* main.swift */ = {isa = PBXFileReference; lastKnownFileType = sourcecode.swift; path = main.swift; sourceTree = "<group>"; };
		8095ED4720C7C808009E400E /* Foundation.framework */ = {isa = PBXFileReference; lastKnownFileType = wrapper.framework; name = Foundation.framework; path = System/Library/Frameworks/Foundation.framework; sourceTree = SDKROOT; };
		8095ED4920C7C814009E400E /* XcodeEditor.xcodeproj */ = {isa = PBXFileReference; lastKnownFileType = "wrapper.pb-project"; name = XcodeEditor.xcodeproj; path = ../../XcodeEditor/XcodeEditor.xcodeproj; sourceTree = "<group>"; };
		8095ED5520C7C8F6009E400E /* RNProjectConfig.swift */ = {isa = PBXFileReference; lastKnownFileType = sourcecode.swift; path = RNProjectConfig.swift; sourceTree = "<group>"; };
		8095ED5720C7D873009E400E /* RNSubmoduleHelper.swift */ = {isa = PBXFileReference; lastKnownFileType = sourcecode.swift; path = RNSubmoduleHelper.swift; sourceTree = "<group>"; };
/* End PBXFileReference section */

/* Begin PBXFrameworksBuildPhase section */
		8095ED3920C7BBD2009E400E /* Frameworks */ = {
			isa = PBXFrameworksBuildPhase;
			buildActionMask = 2147483647;
			files = (
				8095ED5320C7C882009E400E /* XcodeEditor.framework in Frameworks */,
				8095ED4820C7C808009E400E /* Foundation.framework in Frameworks */,
			);
			runOnlyForDeploymentPostprocessing = 0;
		};
/* End PBXFrameworksBuildPhase section */

/* Begin PBXGroup section */
		8095ED3320C7BBD2009E400E = {
			isa = PBXGroup;
			children = (
				8095ED3E20C7BBD2009E400E /* ProjectHelper */,
				8095ED3D20C7BBD2009E400E /* Products */,
				8095ED4620C7C807009E400E /* Frameworks */,
			);
			sourceTree = "<group>";
		};
		8095ED3D20C7BBD2009E400E /* Products */ = {
			isa = PBXGroup;
			children = (
				8095ED3C20C7BBD2009E400E /* ProjectHelper */,
			);
			name = Products;
			sourceTree = "<group>";
		};
		8095ED3E20C7BBD2009E400E /* ProjectHelper */ = {
			isa = PBXGroup;
			children = (
				8095ED5420C7C8CF009E400E /* GitSubmodule */,
				8095ED3F20C7BBD2009E400E /* main.swift */,
				8095ED5520C7C8F6009E400E /* RNProjectConfig.swift */,
			);
			path = ProjectHelper;
			sourceTree = "<group>";
		};
		8095ED4620C7C807009E400E /* Frameworks */ = {
			isa = PBXGroup;
			children = (
				8095ED4920C7C814009E400E /* XcodeEditor.xcodeproj */,
				8095ED4720C7C808009E400E /* Foundation.framework */,
			);
			name = Frameworks;
			sourceTree = "<group>";
		};
		8095ED4A20C7C814009E400E /* Products */ = {
			isa = PBXGroup;
			children = (
				8095ED4F20C7C814009E400E /* XcodeEditor.framework */,
				8095ED5120C7C814009E400E /* XcodeEditorTests.xctest */,
			);
			name = Products;
			sourceTree = "<group>";
		};
		8095ED5420C7C8CF009E400E /* GitSubmodule */ = {
			isa = PBXGroup;
			children = (
				8095ED5720C7D873009E400E /* RNSubmoduleHelper.swift */,
			);
			path = GitSubmodule;
			sourceTree = "<group>";
		};
/* End PBXGroup section */

/* Begin PBXNativeTarget section */
		8095ED3B20C7BBD2009E400E /* ProjectHelper */ = {
			isa = PBXNativeTarget;
			buildConfigurationList = 8095ED4320C7BBD2009E400E /* Build configuration list for PBXNativeTarget "ProjectHelper" */;
			buildPhases = (
				8095ED3820C7BBD2009E400E /* Sources */,
				8095ED3920C7BBD2009E400E /* Frameworks */,
				8095ED3A20C7BBD2009E400E /* CopyFiles */,
			);
			buildRules = (
			);
			dependencies = (
			);
			name = ProjectHelper;
			productName = ProjectHelper;
			productReference = 8095ED3C20C7BBD2009E400E /* ProjectHelper */;
			productType = "com.apple.product-type.tool";
		};
/* End PBXNativeTarget section */

/* Begin PBXProject section */
		8095ED3420C7BBD2009E400E /* Project object */ = {
			isa = PBXProject;
			attributes = {
				LastSwiftUpdateCheck = 0940;
				LastUpgradeCheck = 0940;
				ORGANIZATIONNAME = "Jiang,Zhenhua";
				TargetAttributes = {
					8095ED3B20C7BBD2009E400E = {
						CreatedOnToolsVersion = 9.4;
					};
				};
			};
			buildConfigurationList = 8095ED3720C7BBD2009E400E /* Build configuration list for PBXProject "ProjectHelper" */;
			compatibilityVersion = "Xcode 9.3";
			developmentRegion = en;
			hasScannedForEncodings = 0;
			knownRegions = (
				en,
			);
			mainGroup = 8095ED3320C7BBD2009E400E;
			productRefGroup = 8095ED3D20C7BBD2009E400E /* Products */;
			projectDirPath = "";
			projectReferences = (
				{
					ProductGroup = 8095ED4A20C7C814009E400E /* Products */;
					ProjectRef = 8095ED4920C7C814009E400E /* XcodeEditor.xcodeproj */;
				},
			);
			projectRoot = "";
			targets = (
				8095ED3B20C7BBD2009E400E /* ProjectHelper */,
			);
		};
/* End PBXProject section */

/* Begin PBXReferenceProxy section */
		8095ED4F20C7C814009E400E /* XcodeEditor.framework */ = {
			isa = PBXReferenceProxy;
			fileType = wrapper.framework;
			path = XcodeEditor.framework;
			remoteRef = 8095ED4E20C7C814009E400E /* PBXContainerItemProxy */;
			sourceTree = BUILT_PRODUCTS_DIR;
		};
		8095ED5120C7C814009E400E /* XcodeEditorTests.xctest */ = {
			isa = PBXReferenceProxy;
			fileType = wrapper.cfbundle;
			path = XcodeEditorTests.xctest;
			remoteRef = 8095ED5020C7C814009E400E /* PBXContainerItemProxy */;
			sourceTree = BUILT_PRODUCTS_DIR;
		};
/* End PBXReferenceProxy section */

/* Begin PBXSourcesBuildPhase section */
		8095ED3820C7BBD2009E400E /* Sources */ = {
			isa = PBXSourcesBuildPhase;
			buildActionMask = 2147483647;
			files = (
				8095ED4020C7BBD2009E400E /* main.swift in Sources */,
				8095ED5820C7D873009E400E /* RNSubmoduleHelper.swift in Sources */,
				8095ED5620C7C8F6009E400E /* RNProjectConfig.swift in Sources */,
			);
			runOnlyForDeploymentPostprocessing = 0;
		};
/* End PBXSourcesBuildPhase section */

/* Begin XCBuildConfiguration section */
		8095ED4120C7BBD2009E400E /* Debug */ = {
			isa = XCBuildConfiguration;
			buildSettings = {
				ALWAYS_SEARCH_USER_PATHS = NO;
				CLANG_ANALYZER_NONNULL = YES;
				CLANG_ANALYZER_NUMBER_OBJECT_CONVERSION = YES_AGGRESSIVE;
				CLANG_CXX_LANGUAGE_STANDARD = "gnu++14";
				CLANG_CXX_LIBRARY = "libc++";
				CLANG_ENABLE_MODULES = YES;
				CLANG_ENABLE_OBJC_ARC = YES;
				CLANG_ENABLE_OBJC_WEAK = YES;
				CLANG_WARN_BLOCK_CAPTURE_AUTORELEASING = YES;
				CLANG_WARN_BOOL_CONVERSION = YES;
				CLANG_WARN_COMMA = YES;
				CLANG_WARN_CONSTANT_CONVERSION = YES;
				CLANG_WARN_DEPRECATED_OBJC_IMPLEMENTATIONS = YES;
				CLANG_WARN_DIRECT_OBJC_ISA_USAGE = YES_ERROR;
				CLANG_WARN_DOCUMENTATION_COMMENTS = YES;
				CLANG_WARN_EMPTY_BODY = YES;
				CLANG_WARN_ENUM_CONVERSION = YES;
				CLANG_WARN_INFINITE_RECURSION = YES;
				CLANG_WARN_INT_CONVERSION = YES;
				CLANG_WARN_NON_LITERAL_NULL_CONVERSION = YES;
				CLANG_WARN_OBJC_IMPLICIT_RETAIN_SELF = YES;
				CLANG_WARN_OBJC_LITERAL_CONVERSION = YES;
				CLANG_WARN_OBJC_ROOT_CLASS = YES_ERROR;
				CLANG_WARN_RANGE_LOOP_ANALYSIS = YES;
				CLANG_WARN_STRICT_PROTOTYPES = YES;
				CLANG_WARN_SUSPICIOUS_MOVE = YES;
				CLANG_WARN_UNGUARDED_AVAILABILITY = YES_AGGRESSIVE;
				CLANG_WARN_UNREACHABLE_CODE = YES;
				CLANG_WARN__DUPLICATE_METHOD_MATCH = YES;
				CODE_SIGN_IDENTITY = "Mac Developer";
				COPY_PHASE_STRIP = NO;
				DEBUG_INFORMATION_FORMAT = dwarf;
				ENABLE_STRICT_OBJC_MSGSEND = YES;
				ENABLE_TESTABILITY = YES;
				GCC_C_LANGUAGE_STANDARD = gnu11;
				GCC_DYNAMIC_NO_PIC = NO;
				GCC_NO_COMMON_BLOCKS = YES;
				GCC_OPTIMIZATION_LEVEL = 0;
				GCC_PREPROCESSOR_DEFINITIONS = (
					"DEBUG=1",
					"$(inherited)",
				);
				GCC_WARN_64_TO_32_BIT_CONVERSION = YES;
				GCC_WARN_ABOUT_RETURN_TYPE = YES_ERROR;
				GCC_WARN_UNDECLARED_SELECTOR = YES;
				GCC_WARN_UNINITIALIZED_AUTOS = YES_AGGRESSIVE;
				GCC_WARN_UNUSED_FUNCTION = YES;
				GCC_WARN_UNUSED_VARIABLE = YES;
				MACOSX_DEPLOYMENT_TARGET = 10.13;
				MTL_ENABLE_DEBUG_INFO = YES;
				ONLY_ACTIVE_ARCH = YES;
				SDKROOT = macosx;
				SWIFT_ACTIVE_COMPILATION_CONDITIONS = DEBUG;
				SWIFT_OPTIMIZATION_LEVEL = "-Onone";
			};
			name = Debug;
		};
		8095ED4220C7BBD2009E400E /* Release */ = {
			isa = XCBuildConfiguration;
			buildSettings = {
				ALWAYS_SEARCH_USER_PATHS = NO;
				CLANG_ANALYZER_NONNULL = YES;
				CLANG_ANALYZER_NUMBER_OBJECT_CONVERSION = YES_AGGRESSIVE;
				CLANG_CXX_LANGUAGE_STANDARD = "gnu++14";
				CLANG_CXX_LIBRARY = "libc++";
				CLANG_ENABLE_MODULES = YES;
				CLANG_ENABLE_OBJC_ARC = YES;
				CLANG_ENABLE_OBJC_WEAK = YES;
				CLANG_WARN_BLOCK_CAPTURE_AUTORELEASING = YES;
				CLANG_WARN_BOOL_CONVERSION = YES;
				CLANG_WARN_COMMA = YES;
				CLANG_WARN_CONSTANT_CONVERSION = YES;
				CLANG_WARN_DEPRECATED_OBJC_IMPLEMENTATIONS = YES;
				CLANG_WARN_DIRECT_OBJC_ISA_USAGE = YES_ERROR;
				CLANG_WARN_DOCUMENTATION_COMMENTS = YES;
				CLANG_WARN_EMPTY_BODY = YES;
				CLANG_WARN_ENUM_CONVERSION = YES;
				CLANG_WARN_INFINITE_RECURSION = YES;
				CLANG_WARN_INT_CONVERSION = YES;
				CLANG_WARN_NON_LITERAL_NULL_CONVERSION = YES;
				CLANG_WARN_OBJC_IMPLICIT_RETAIN_SELF = YES;
				CLANG_WARN_OBJC_LITERAL_CONVERSION = YES;
				CLANG_WARN_OBJC_ROOT_CLASS = YES_ERROR;
				CLANG_WARN_RANGE_LOOP_ANALYSIS = YES;
				CLANG_WARN_STRICT_PROTOTYPES = YES;
				CLANG_WARN_SUSPICIOUS_MOVE = YES;
				CLANG_WARN_UNGUARDED_AVAILABILITY = YES_AGGRESSIVE;
				CLANG_WARN_UNREACHABLE_CODE = YES;
				CLANG_WARN__DUPLICATE_METHOD_MATCH = YES;
				CODE_SIGN_IDENTITY = "Mac Developer";
				COPY_PHASE_STRIP = NO;
				DEBUG_INFORMATION_FORMAT = "dwarf-with-dsym";
				ENABLE_NS_ASSERTIONS = NO;
				ENABLE_STRICT_OBJC_MSGSEND = YES;
				GCC_C_LANGUAGE_STANDARD = gnu11;
				GCC_NO_COMMON_BLOCKS = YES;
				GCC_WARN_64_TO_32_BIT_CONVERSION = YES;
				GCC_WARN_ABOUT_RETURN_TYPE = YES_ERROR;
				GCC_WARN_UNDECLARED_SELECTOR = YES;
				GCC_WARN_UNINITIALIZED_AUTOS = YES_AGGRESSIVE;
				GCC_WARN_UNUSED_FUNCTION = YES;
				GCC_WARN_UNUSED_VARIABLE = YES;
				MACOSX_DEPLOYMENT_TARGET = 10.13;
				MTL_ENABLE_DEBUG_INFO = NO;
				SDKROOT = macosx;
				SWIFT_COMPILATION_MODE = wholemodule;
				SWIFT_OPTIMIZATION_LEVEL = "-O";
			};
			name = Release;
		};
		8095ED4420C7BBD2009E400E /* Debug */ = {
			isa = XCBuildConfiguration;
			buildSettings = {
				CODE_SIGN_STYLE = Automatic;
				DEVELOPMENT_TEAM = TCU9L9SQC4;
				FRAMEWORK_SEARCH_PATHS = "${BUILD_DIR}/${CONFIGURATION}";
				PRODUCT_NAME = "$(TARGET_NAME)";
				SWIFT_VERSION = 4.2;
			};
			name = Debug;
		};
		8095ED4520C7BBD2009E400E /* Release */ = {
			isa = XCBuildConfiguration;
			buildSettings = {
				CODE_SIGN_STYLE = Automatic;
				DEVELOPMENT_TEAM = TCU9L9SQC4;
				FRAMEWORK_SEARCH_PATHS = "${BUILD_DIR}/${CONFIGURATION}";
				PRODUCT_NAME = "$(TARGET_NAME)";
				SWIFT_VERSION = 4.2;
			};
			name = Release;
		};
/* End XCBuildConfiguration section */

/* Begin XCConfigurationList section */
		8095ED3720C7BBD2009E400E /* Build configuration list for PBXProject "ProjectHelper" */ = {
			isa = XCConfigurationList;
			buildConfigurations = (
				8095ED4120C7BBD2009E400E /* Debug */,
				8095ED4220C7BBD2009E400E /* Release */,
			);
			defaultConfigurationIsVisible = 0;
			defaultConfigurationName = Release;
		};
		8095ED4320C7BBD2009E400E /* Build configuration list for PBXNativeTarget "ProjectHelper" */ = {
			isa = XCConfigurationList;
			buildConfigurations = (
				8095ED4420C7BBD2009E400E /* Debug */,
				8095ED4520C7BBD2009E400E /* Release */,
			);
			defaultConfigurationIsVisible = 0;
			defaultConfigurationName = Release;
		};
/* End XCConfigurationList section */
	};
	rootObject = 8095ED3420C7BBD2009E400E /* Project object */;
}
