// !$*UTF8*$!
{
	archiveVersion = 1;
	classes = {
	};
	objectVersion = 50;
	objects = {

/* Begin PBXBuildFile section */
		215BCE0720A3F961007AB4C2 /* RNProjectConfig.m in Sources */ = {isa = PBXBuildFile; fileRef = 215BCE0620A3F961007AB4C2 /* RNProjectConfig.m */; };
		215BCE1A20A41DCF007AB4C2 /* RNCarthageHelper.m in Sources */ = {isa = PBXBuildFile; fileRef = 215BCE1920A41DCF007AB4C2 /* RNCarthageHelper.m */; };
		2173F85720A2EE65000C2307 /* main.m in Sources */ = {isa = PBXBuildFile; fileRef = 2173F85620A2EE65000C2307 /* main.m */; };
		2173F85F20A30226000C2307 /* Foundation.framework in Frameworks */ = {isa = PBXBuildFile; fileRef = 2173F85E20A30226000C2307 /* Foundation.framework */; };
		8095ECE920C6BE50009E400E /* XcodeEditor.framework in Frameworks */ = {isa = PBXBuildFile; fileRef = 8095ECE620C6BE14009E400E /* XcodeEditor.framework */; };
		8095ECEC20C6BEB2009E400E /* RNSubmoduleHelper.m in Sources */ = {isa = PBXBuildFile; fileRef = 8095ECEB20C6BEB2009E400E /* RNSubmoduleHelper.m */; };
/* End PBXBuildFile section */

/* Begin PBXContainerItemProxy section */
		8095ECE520C6BE14009E400E /* PBXContainerItemProxy */ = {
			isa = PBXContainerItemProxy;
			containerPortal = 8095ECE020C6BE14009E400E /* XcodeEditor.xcodeproj */;
			proxyType = 2;
			remoteGlobalIDString = 6BE8FDAD1C01C190001EF5B3;
			remoteInfo = XcodeEditor;
		};
		8095ECE720C6BE14009E400E /* PBXContainerItemProxy */ = {
			isa = PBXContainerItemProxy;
			containerPortal = 8095ECE020C6BE14009E400E /* XcodeEditor.xcodeproj */;
			proxyType = 2;
			remoteGlobalIDString = 6BE8FDB71C01C190001EF5B3;
			remoteInfo = XcodeEditorTests;
		};
/* End PBXContainerItemProxy section */

/* Begin PBXCopyFilesBuildPhase section */
		2173F85120A2EE65000C2307 /* CopyFiles */ = {
			isa = PBXCopyFilesBuildPhase;
			buildActionMask = 2147483647;
			dstPath = /usr/share/man/man1/;
			dstSubfolderSpec = 0;
			files = (
			);
			runOnlyForDeploymentPostprocessing = 1;
		};
/* End PBXCopyFilesBuildPhase section */

/* Begin PBXFileReference section */
		215BCE0520A3F961007AB4C2 /* RNProjectConfig.h */ = {isa = PBXFileReference; lastKnownFileType = sourcecode.c.h; path = RNProjectConfig.h; sourceTree = "<group>"; };
		215BCE0620A3F961007AB4C2 /* RNProjectConfig.m */ = {isa = PBXFileReference; lastKnownFileType = sourcecode.c.objc; path = RNProjectConfig.m; sourceTree = "<group>"; };
		215BCE1820A41DCF007AB4C2 /* RNCarthageHelper.h */ = {isa = PBXFileReference; lastKnownFileType = sourcecode.c.h; path = RNCarthageHelper.h; sourceTree = "<group>"; };
		215BCE1920A41DCF007AB4C2 /* RNCarthageHelper.m */ = {isa = PBXFileReference; lastKnownFileType = sourcecode.c.objc; path = RNCarthageHelper.m; sourceTree = "<group>"; };
		2173F85320A2EE65000C2307 /* XcodeHelper */ = {isa = PBXFileReference; explicitFileType = "compiled.mach-o.executable"; includeInIndex = 0; path = XcodeHelper; sourceTree = BUILT_PRODUCTS_DIR; };
		2173F85620A2EE65000C2307 /* main.m */ = {isa = PBXFileReference; lastKnownFileType = sourcecode.c.objc; path = main.m; sourceTree = "<group>"; };
		2173F85E20A30226000C2307 /* Foundation.framework */ = {isa = PBXFileReference; lastKnownFileType = wrapper.framework; name = Foundation.framework; path = System/Library/Frameworks/Foundation.framework; sourceTree = SDKROOT; };
		8095ECE020C6BE14009E400E /* XcodeEditor.xcodeproj */ = {isa = PBXFileReference; lastKnownFileType = "wrapper.pb-project"; name = XcodeEditor.xcodeproj; path = ../XcodeEditor/XcodeEditor.xcodeproj; sourceTree = "<group>"; };
		8095ECEA20C6BEB2009E400E /* RNSubmoduleHelper.h */ = {isa = PBXFileReference; lastKnownFileType = sourcecode.c.h; path = RNSubmoduleHelper.h; sourceTree = "<group>"; };
		8095ECEB20C6BEB2009E400E /* RNSubmoduleHelper.m */ = {isa = PBXFileReference; lastKnownFileType = sourcecode.c.objc; path = RNSubmoduleHelper.m; sourceTree = "<group>"; };
/* End PBXFileReference section */

/* Begin PBXFrameworksBuildPhase section */
		2173F85020A2EE65000C2307 /* Frameworks */ = {
			isa = PBXFrameworksBuildPhase;
			buildActionMask = 2147483647;
			files = (
				8095ECE920C6BE50009E400E /* XcodeEditor.framework in Frameworks */,
				2173F85F20A30226000C2307 /* Foundation.framework in Frameworks */,
			);
			runOnlyForDeploymentPostprocessing = 0;
		};
/* End PBXFrameworksBuildPhase section */

/* Begin PBXGroup section */
		2173F84A20A2EE65000C2307 = {
			isa = PBXGroup;
			children = (
				2173F85520A2EE65000C2307 /* XcodeHelper */,
				2173F85420A2EE65000C2307 /* Products */,
				2173F85D20A30225000C2307 /* Frameworks */,
			);
			sourceTree = "<group>";
		};
		2173F85420A2EE65000C2307 /* Products */ = {
			isa = PBXGroup;
			children = (
				2173F85320A2EE65000C2307 /* XcodeHelper */,
			);
			name = Products;
			sourceTree = "<group>";
		};
		2173F85520A2EE65000C2307 /* XcodeHelper */ = {
			isa = PBXGroup;
			children = (
				2173F85620A2EE65000C2307 /* main.m */,
				215BCE0520A3F961007AB4C2 /* RNProjectConfig.h */,
				215BCE0620A3F961007AB4C2 /* RNProjectConfig.m */,
				215BCE1820A41DCF007AB4C2 /* RNCarthageHelper.h */,
				215BCE1920A41DCF007AB4C2 /* RNCarthageHelper.m */,
				8095ECEA20C6BEB2009E400E /* RNSubmoduleHelper.h */,
				8095ECEB20C6BEB2009E400E /* RNSubmoduleHelper.m */,
			);
			path = XcodeHelper;
			sourceTree = "<group>";
		};
		2173F85D20A30225000C2307 /* Frameworks */ = {
			isa = PBXGroup;
			children = (
				8095ECE020C6BE14009E400E /* XcodeEditor.xcodeproj */,
				2173F85E20A30226000C2307 /* Foundation.framework */,
			);
			name = Frameworks;
			sourceTree = "<group>";
		};
		8095ECE120C6BE14009E400E /* Products */ = {
			isa = PBXGroup;
			children = (
				8095ECE620C6BE14009E400E /* XcodeEditor.framework */,
				8095ECE820C6BE14009E400E /* XcodeEditorTests.xctest */,
			);
			name = Products;
			sourceTree = "<group>";
		};
/* End PBXGroup section */

/* Begin PBXNativeTarget section */
		2173F85220A2EE65000C2307 /* XcodeHelper */ = {
			isa = PBXNativeTarget;
			buildConfigurationList = 2173F85A20A2EE65000C2307 /* Build configuration list for PBXNativeTarget "XcodeHelper" */;
			buildPhases = (
				2173F84F20A2EE65000C2307 /* Sources */,
				2173F85020A2EE65000C2307 /* Frameworks */,
				2173F85120A2EE65000C2307 /* CopyFiles */,
			);
			buildRules = (
			);
			dependencies = (
			);
			name = XcodeHelper;
			productName = XcodeHelper;
			productReference = 2173F85320A2EE65000C2307 /* XcodeHelper */;
			productType = "com.apple.product-type.tool";
		};
/* End PBXNativeTarget section */

/* Begin PBXProject section */
		2173F84B20A2EE65000C2307 /* Project object */ = {
			isa = PBXProject;
			attributes = {
				LastUpgradeCheck = 0940;
				ORGANIZATIONNAME = Daubert;
				TargetAttributes = {
					2173F85220A2EE65000C2307 = {
						CreatedOnToolsVersion = 9.4;
					};
				};
			};
			buildConfigurationList = 2173F84E20A2EE65000C2307 /* Build configuration list for PBXProject "XcodeHelper" */;
			compatibilityVersion = "Xcode 9.3";
			developmentRegion = en;
			hasScannedForEncodings = 0;
			knownRegions = (
				en,
			);
			mainGroup = 2173F84A20A2EE65000C2307;
			productRefGroup = 2173F85420A2EE65000C2307 /* Products */;
			projectDirPath = "";
			projectReferences = (
				{
					ProductGroup = 8095ECE120C6BE14009E400E /* Products */;
					ProjectRef = 8095ECE020C6BE14009E400E /* XcodeEditor.xcodeproj */;
				},
			);
			projectRoot = "";
			targets = (
				2173F85220A2EE65000C2307 /* XcodeHelper */,
			);
		};
/* End PBXProject section */

/* Begin PBXReferenceProxy section */
		8095ECE620C6BE14009E400E /* XcodeEditor.framework */ = {
			isa = PBXReferenceProxy;
			fileType = wrapper.framework;
			path = XcodeEditor.framework;
			remoteRef = 8095ECE520C6BE14009E400E /* PBXContainerItemProxy */;
			sourceTree = BUILT_PRODUCTS_DIR;
		};
		8095ECE820C6BE14009E400E /* XcodeEditorTests.xctest */ = {
			isa = PBXReferenceProxy;
			fileType = wrapper.cfbundle;
			path = XcodeEditorTests.xctest;
			remoteRef = 8095ECE720C6BE14009E400E /* PBXContainerItemProxy */;
			sourceTree = BUILT_PRODUCTS_DIR;
		};
/* End PBXReferenceProxy section */

/* Begin PBXSourcesBuildPhase section */
		2173F84F20A2EE65000C2307 /* Sources */ = {
			isa = PBXSourcesBuildPhase;
			buildActionMask = 2147483647;
			files = (
				2173F85720A2EE65000C2307 /* main.m in Sources */,
				215BCE1A20A41DCF007AB4C2 /* RNCarthageHelper.m in Sources */,
				8095ECEC20C6BEB2009E400E /* RNSubmoduleHelper.m in Sources */,
				215BCE0720A3F961007AB4C2 /* RNProjectConfig.m in Sources */,
			);
			runOnlyForDeploymentPostprocessing = 0;
		};
/* End PBXSourcesBuildPhase section */

/* Begin XCBuildConfiguration section */
		2173F85820A2EE65000C2307 /* Debug */ = {
			isa = XCBuildConfiguration;
			buildSettings = {
				ALWAYS_SEARCH_USER_PATHS = NO;
				CLANG_ANALYZER_NONNULL = YES;
				CLANG_ANALYZER_NUMBER_OBJECT_CONVERSION = YES_AGGRESSIVE;
				CLANG_CXX_LANGUAGE_STANDARD = "gnu++14";
				CLANG_CXX_LIBRARY = "libc++";
				CLANG_ENABLE_MODULES = YES;
				CLANG_ENABLE_OBJC_ARC = YES;
				CLANG_ENABLE_OBJC_WEAK = YES;
				CLANG_WARN_BLOCK_CAPTURE_AUTORELEASING = YES;
				CLANG_WARN_BOOL_CONVERSION = YES;
				CLANG_WARN_COMMA = YES;
				CLANG_WARN_CONSTANT_CONVERSION = YES;
				CLANG_WARN_DEPRECATED_OBJC_IMPLEMENTATIONS = YES;
				CLANG_WARN_DIRECT_OBJC_ISA_USAGE = YES_ERROR;
				CLANG_WARN_DOCUMENTATION_COMMENTS = YES;
				CLANG_WARN_EMPTY_BODY = YES;
				CLANG_WARN_ENUM_CONVERSION = YES;
				CLANG_WARN_INFINITE_RECURSION = YES;
				CLANG_WARN_INT_CONVERSION = YES;
				CLANG_WARN_NON_LITERAL_NULL_CONVERSION = YES;
				CLANG_WARN_OBJC_IMPLICIT_RETAIN_SELF = YES;
				CLANG_WARN_OBJC_LITERAL_CONVERSION = YES;
				CLANG_WARN_OBJC_ROOT_CLASS = YES_ERROR;
				CLANG_WARN_RANGE_LOOP_ANALYSIS = YES;
				CLANG_WARN_STRICT_PROTOTYPES = YES;
				CLANG_WARN_SUSPICIOUS_MOVE = YES;
				CLANG_WARN_UNGUARDED_AVAILABILITY = YES_AGGRESSIVE;
				CLANG_WARN_UNREACHABLE_CODE = YES;
				CLANG_WARN__DUPLICATE_METHOD_MATCH = YES;
				CODE_SIGN_IDENTITY = "Mac Developer";
				COPY_PHASE_STRIP = NO;
				DEBUG_INFORMATION_FORMAT = dwarf;
				ENABLE_STRICT_OBJC_MSGSEND = YES;
				ENABLE_TESTABILITY = YES;
				GCC_C_LANGUAGE_STANDARD = gnu11;
				GCC_DYNAMIC_NO_PIC = NO;
				GCC_NO_COMMON_BLOCKS = YES;
				GCC_OPTIMIZATION_LEVEL = 0;
				GCC_PREPROCESSOR_DEFINITIONS = (
					"DEBUG=1",
					"$(inherited)",
				);
				GCC_WARN_64_TO_32_BIT_CONVERSION = YES;
				GCC_WARN_ABOUT_RETURN_TYPE = YES_ERROR;
				GCC_WARN_UNDECLARED_SELECTOR = YES;
				GCC_WARN_UNINITIALIZED_AUTOS = YES_AGGRESSIVE;
				GCC_WARN_UNUSED_FUNCTION = YES;
				GCC_WARN_UNUSED_VARIABLE = YES;
				MACOSX_DEPLOYMENT_TARGET = 10.13;
				MTL_ENABLE_DEBUG_INFO = YES;
				ONLY_ACTIVE_ARCH = YES;
				SDKROOT = macosx;
			};
			name = Debug;
		};
		2173F85920A2EE65000C2307 /* Release */ = {
			isa = XCBuildConfiguration;
			buildSettings = {
				ALWAYS_SEARCH_USER_PATHS = NO;
				CLANG_ANALYZER_NONNULL = YES;
				CLANG_ANALYZER_NUMBER_OBJECT_CONVERSION = YES_AGGRESSIVE;
				CLANG_CXX_LANGUAGE_STANDARD = "gnu++14";
				CLANG_CXX_LIBRARY = "libc++";
				CLANG_ENABLE_MODULES = YES;
				CLANG_ENABLE_OBJC_ARC = YES;
				CLANG_ENABLE_OBJC_WEAK = YES;
				CLANG_WARN_BLOCK_CAPTURE_AUTORELEASING = YES;
				CLANG_WARN_BOOL_CONVERSION = YES;
				CLANG_WARN_COMMA = YES;
				CLANG_WARN_CONSTANT_CONVERSION = YES;
				CLANG_WARN_DEPRECATED_OBJC_IMPLEMENTATIONS = YES;
				CLANG_WARN_DIRECT_OBJC_ISA_USAGE = YES_ERROR;
				CLANG_WARN_DOCUMENTATION_COMMENTS = YES;
				CLANG_WARN_EMPTY_BODY = YES;
				CLANG_WARN_ENUM_CONVERSION = YES;
				CLANG_WARN_INFINITE_RECURSION = YES;
				CLANG_WARN_INT_CONVERSION = YES;
				CLANG_WARN_NON_LITERAL_NULL_CONVERSION = YES;
				CLANG_WARN_OBJC_IMPLICIT_RETAIN_SELF = YES;
				CLANG_WARN_OBJC_LITERAL_CONVERSION = YES;
				CLANG_WARN_OBJC_ROOT_CLASS = YES_ERROR;
				CLANG_WARN_RANGE_LOOP_ANALYSIS = YES;
				CLANG_WARN_STRICT_PROTOTYPES = YES;
				CLANG_WARN_SUSPICIOUS_MOVE = YES;
				CLANG_WARN_UNGUARDED_AVAILABILITY = YES_AGGRESSIVE;
				CLANG_WARN_UNREACHABLE_CODE = YES;
				CLANG_WARN__DUPLICATE_METHOD_MATCH = YES;
				CODE_SIGN_IDENTITY = "Mac Developer";
				COPY_PHASE_STRIP = NO;
				DEBUG_INFORMATION_FORMAT = "dwarf-with-dsym";
				ENABLE_NS_ASSERTIONS = NO;
				ENABLE_STRICT_OBJC_MSGSEND = YES;
				GCC_C_LANGUAGE_STANDARD = gnu11;
				GCC_NO_COMMON_BLOCKS = YES;
				GCC_WARN_64_TO_32_BIT_CONVERSION = YES;
				GCC_WARN_ABOUT_RETURN_TYPE = YES_ERROR;
				GCC_WARN_UNDECLARED_SELECTOR = YES;
				GCC_WARN_UNINITIALIZED_AUTOS = YES_AGGRESSIVE;
				GCC_WARN_UNUSED_FUNCTION = YES;
				GCC_WARN_UNUSED_VARIABLE = YES;
				MACOSX_DEPLOYMENT_TARGET = 10.13;
				MTL_ENABLE_DEBUG_INFO = NO;
				SDKROOT = macosx;
			};
			name = Release;
		};
		2173F85B20A2EE65000C2307 /* Debug */ = {
			isa = XCBuildConfiguration;
			buildSettings = {
				CODE_SIGN_STYLE = Automatic;
				DEVELOPMENT_TEAM = TCU9L9SQC4;
				FRAMEWORK_SEARCH_PATHS = "${BUILD_DIR}/${CONFIGURATION}/**";
				LD_RUNPATH_SEARCH_PATHS = "@executable_path";
				PRODUCT_NAME = "$(TARGET_NAME)";
			};
			name = Debug;
		};
		2173F85C20A2EE65000C2307 /* Release */ = {
			isa = XCBuildConfiguration;
			buildSettings = {
				CODE_SIGN_STYLE = Automatic;
				DEVELOPMENT_TEAM = TCU9L9SQC4;
				FRAMEWORK_SEARCH_PATHS = "${BUILD_DIR}/${CONFIGURATION}/**";
				LD_RUNPATH_SEARCH_PATHS = "@executable_path";
				PRODUCT_NAME = "$(TARGET_NAME)";
			};
			name = Release;
		};
/* End XCBuildConfiguration section */

/* Begin XCConfigurationList section */
		2173F84E20A2EE65000C2307 /* Build configuration list for PBXProject "XcodeHelper" */ = {
			isa = XCConfigurationList;
			buildConfigurations = (
				2173F85820A2EE65000C2307 /* Debug */,
				2173F85920A2EE65000C2307 /* Release */,
			);
			defaultConfigurationIsVisible = 0;
			defaultConfigurationName = Release;
		};
		2173F85A20A2EE65000C2307 /* Build configuration list for PBXNativeTarget "XcodeHelper" */ = {
			isa = XCConfigurationList;
			buildConfigurations = (
				2173F85B20A2EE65000C2307 /* Debug */,
				2173F85C20A2EE65000C2307 /* Release */,
			);
			defaultConfigurationIsVisible = 0;
			defaultConfigurationName = Release;
		};
/* End XCConfigurationList section */
	};
	rootObject = 2173F84B20A2EE65000C2307 /* Project object */;
}
